
Microsoft Visual Studio Solution File, Format Version 12.00
# Visual Studio Version 16
VisualStudioVersion = 16.0.30804.86
MinimumVisualStudioVersion = 10.0.40219.1
Project("{8BC9CEB8-8B4A-11D0-8D11-00A0C91BC942}") = "Zlibx", "Zlibx\Zlibx.vcxproj", "{9FB3CE50-87BA-46D6-A498-31FD82BF2E70}"
EndProject
Project("{8BC9CEB8-8B4A-11D0-8D11-00A0C91BC942}") = "ZlibTest", "ZlibTest\ZlibTest.vcxproj", "{F85F08CB-AC4B-4CB4-9763-537D3F6B6929}"
EndProject
Global
	GlobalSection(SolutionConfigurationPlatforms) = preSolution
		Debug|x64 = Debug|x64
		Debug|x86 = Debug|x86
		Release|x64 = Release|x64
		Release|x86 = Release|x86
	EndGlobalSection
	GlobalSection(ProjectConfigurationPlatforms) = postSolution
		{9FB3CE50-87BA-46D6-A498-31FD82BF2E70}.Debug|x64.ActiveCfg = Debug|x64
		{9FB3CE50-87BA-46D6-A498-31FD82BF2E70}.Debug|x64.Build.0 = Debug|x64
		{9FB3CE50-87BA-46D6-A498-31FD82BF2E70}.Debug|x86.ActiveCfg = Debug|Win32
		{9FB3CE50-87BA-46D6-A498-31FD82BF2E70}.Debug|x86.Build.0 = Debug|Win32
		{9FB3CE50-87BA-46D6-A498-31FD82BF2E70}.Release|x64.ActiveCfg = Release|x64
		{9FB3CE50-87BA-46D6-A498-31FD82BF2E70}.Release|x64.Build.0 = Release|x64
		{9FB3CE50-87BA-46D6-A498-31FD82BF2E70}.Release|x86.ActiveCfg = Release|Win32
		{9FB3CE50-87BA-46D6-A498-31FD82BF2E70}.Release|x86.Build.0 = Release|Win32
		{F85F08CB-AC4B-4CB4-9763-537D3F6B6929}.Debug|x64.ActiveCfg = Debug|x64
		{F85F08CB-AC4B-4CB4-9763-537D3F6B6929}.Debug|x64.Build.0 = Debug|x64
		{F85F08CB-AC4B-4CB4-9763-537D3F6B6929}.Debug|x86.ActiveCfg = Debug|Win32
		{F85F08CB-AC4B-4CB4-9763-537D3F6B6929}.Debug|x86.Build.0 = Debug|Win32
		{F85F08CB-AC4B-4CB4-9763-537D3F6B6929}.Release|x64.ActiveCfg = Release|x64
		{F85F08CB-AC4B-4CB4-9763-537D3F6B6929}.Release|x64.Build.0 = Release|x64
		{F85F08CB-AC4B-4CB4-9763-537D3F6B6929}.Release|x86.ActiveCfg = Release|Win32
		{F85F08CB-AC4B-4CB4-9763-537D3F6B6929}.Release|x86.Build.0 = Release|Win32
	EndGlobalSection
	GlobalSection(SolutionProperties) = preSolution
		HideSolutionNode = FALSE
	EndGlobalSection
	GlobalSection(ExtensibilityGlobals) = postSolution
		SolutionGuid = {F5C73AAB-7591-4AC8-8927-7F1B35FF0319}
	EndGlobalSection
EndGlobal
