<?xml version="1.0" encoding="utf-8"?>
<Project ToolsVersion="4.0" xmlns="http://schemas.microsoft.com/developer/msbuild/2003">
  <ItemGroup>
    <Filter Include="base">
      <UniqueIdentifier>{077bf437-95b5-4986-bf0b-6135f17fb8d9}</UniqueIdentifier>
    </Filter>
  </ItemGroup>
  <ItemGroup>
    <ClCompile Include="ZString.cpp">
      <Filter>base</Filter>
    </ClCompile>
    <ClCompile Include="ZSize.cpp">
      <Filter>base</Filter>
    </ClCompile>
    <ClCompile Include="ZRect.cpp">
      <Filter>base</Filter>
    </ClCompile>
    <ClCompile Include="ZPoint.cpp">
      <Filter>base</Filter>
    </ClCompile>
    <ClCompile Include="ZColor.cpp">
      <Filter>base</Filter>
    </ClCompile>
    <ClCompile Include="ZDebug.cpp">
      <Filter>base</Filter>
    </ClCompile>
    <ClCompile Include="ZRange.cpp">
      <Filter>base</Filter>
    </ClCompile>
  </ItemGroup>
  <ItemGroup>
    <ClInclude Include="ZString.h">
      <Filter>base</Filter>
    </ClInclude>
    <ClInclude Include="ZSize.h">
      <Filter>base</Filter>
    </ClInclude>
    <ClInclude Include="ZRect.h">
      <Filter>base</Filter>
    </ClInclude>
    <ClInclude Include="ZPoint.h">
      <Filter>base</Filter>
    </ClInclude>
    <ClInclude Include="ZColor.h">
      <Filter>base</Filter>
    </ClInclude>
    <ClInclude Include="ZDebug.h">
      <Filter>base</Filter>
    </ClInclude>
    <ClInclude Include="ZRange.h">
      <Filter>base</Filter>
    </ClInclude>
    <ClInclude Include="ZResource.h">
      <Filter>base</Filter>
    </ClInclude>
    <ClInclude Include="main.h">
      <Filter>base</Filter>
    </ClInclude>
  </ItemGroup>
</Project>