<?xml version="1.0" encoding="utf-8"?>
<Project ToolsVersion="4.0" xmlns="http://schemas.microsoft.com/developer/msbuild/2003">
  <ItemGroup>
    <ClCompile Include="ZColor.cpp">
      <Filter>Source Files\Base</Filter>
    </ClCompile>
    <ClCompile Include="ZFont.cpp">
      <Filter>Source Files\Base</Filter>
    </ClCompile>
    <ClCompile Include="ZPoint.cpp">
      <Filter>Source Files\Base</Filter>
    </ClCompile>
    <ClCompile Include="ZRange.cpp">
      <Filter>Source Files\Base</Filter>
    </ClCompile>
    <ClCompile Include="ZRect.cpp">
      <Filter>Source Files\Base</Filter>
    </ClCompile>
    <ClCompile Include="ZSize.cpp">
      <Filter>Source Files\Base</Filter>
    </ClCompile>
    <ClCompile Include="ZString.cpp">
      <Filter>Source Files\Base</Filter>
    </ClCompile>
    <ClCompile Include="ZFile.cpp">
      <Filter>Source Files\Utils</Filter>
    </ClCompile>
    <ClCompile Include="ZDebug.cpp">
      <Filter>Source Files\Utils</Filter>
    </ClCompile>
    <ClCompile Include="ZThread.cpp">
      <Filter>Source Files\Utils</Filter>
    </ClCompile>
    <ClCompile Include="ZWindow.cpp">
      <Filter>Source Files\Control</Filter>
    </ClCompile>
    <ClCompile Include="ZControl.cpp">
      <Filter>Source Files\Control</Filter>
    </ClCompile>
    <ClCompile Include="ZLabel.cpp">
      <Filter>Source Files\Control</Filter>
    </ClCompile>
    <ClCompile Include="ZButton.cpp">
      <Filter>Source Files\Control</Filter>
    </ClCompile>
    <ClCompile Include="ZTextBox.cpp">
      <Filter>Source Files\Control</Filter>
    </ClCompile>
    <ClCompile Include="ZPictureBox.cpp">
      <Filter>Source Files\Control</Filter>
    </ClCompile>
    <ClCompile Include="ZBitmap.cpp">
      <Filter>Source Files\Base</Filter>
    </ClCompile>
    <ClCompile Include="ZLink.cpp">
      <Filter>Source Files\Control</Filter>
    </ClCompile>
    <ClCompile Include="ZComboBox.cpp">
      <Filter>Source Files\Control</Filter>
    </ClCompile>
    <ClCompile Include="ZIcon.cpp" />
    <ClCompile Include="ZListBox.cpp">
      <Filter>Source Files\Control</Filter>
    </ClCompile>
  </ItemGroup>
  <ItemGroup>
    <ClInclude Include="main.h">
      <Filter>Header Files\Base</Filter>
    </ClInclude>
    <ClInclude Include="ZColor.h">
      <Filter>Header Files\Base</Filter>
    </ClInclude>
    <ClInclude Include="ZFont.h">
      <Filter>Header Files\Base</Filter>
    </ClInclude>
    <ClInclude Include="ZPoint.h">
      <Filter>Header Files\Base</Filter>
    </ClInclude>
    <ClInclude Include="ZRange.h">
      <Filter>Header Files\Base</Filter>
    </ClInclude>
    <ClInclude Include="ZRect.h">
      <Filter>Header Files\Base</Filter>
    </ClInclude>
    <ClInclude Include="ZResource.h">
      <Filter>Header Files\Base</Filter>
    </ClInclude>
    <ClInclude Include="ZSize.h">
      <Filter>Header Files\Base</Filter>
    </ClInclude>
    <ClInclude Include="ZString.h">
      <Filter>Header Files\Base</Filter>
    </ClInclude>
    <ClInclude Include="ZThread.h">
      <Filter>Header Files\Utils</Filter>
    </ClInclude>
    <ClInclude Include="ZFile.h">
      <Filter>Header Files\Utils</Filter>
    </ClInclude>
    <ClInclude Include="ZDebug.h">
      <Filter>Header Files\Utils</Filter>
    </ClInclude>
    <ClInclude Include="ZWindow.h">
      <Filter>Header Files\Control</Filter>
    </ClInclude>
    <ClInclude Include="ZControl.h">
      <Filter>Header Files\Control</Filter>
    </ClInclude>
    <ClInclude Include="ZLabel.h">
      <Filter>Header Files\Control</Filter>
    </ClInclude>
    <ClInclude Include="ZButton.h">
      <Filter>Header Files\Control</Filter>
    </ClInclude>
    <ClInclude Include="ZTextBox.h">
      <Filter>Header Files\Control</Filter>
    </ClInclude>
    <ClInclude Include="ZPictureBox.h">
      <Filter>Header Files\Control</Filter>
    </ClInclude>
    <ClInclude Include="ZBitmap.h">
      <Filter>Header Files\Base</Filter>
    </ClInclude>
    <ClInclude Include="ZLink.h">
      <Filter>Header Files\Control</Filter>
    </ClInclude>
    <ClInclude Include="ZIcon.h">
      <Filter>Header Files\Base</Filter>
    </ClInclude>
    <ClInclude Include="ZComboBox.h" />
    <ClInclude Include="ZListBox.h">
      <Filter>Header Files\Control</Filter>
    </ClInclude>
  </ItemGroup>
  <ItemGroup>
    <Filter Include="Header Files">
      <UniqueIdentifier>{17f56958-130a-4247-8568-cabd3132de33}</UniqueIdentifier>
    </Filter>
    <Filter Include="Source Files">
      <UniqueIdentifier>{c6a4e212-8084-49d0-b017-b7d95eb7fa29}</UniqueIdentifier>
    </Filter>
    <Filter Include="Header Files\Control">
      <UniqueIdentifier>{2cceda39-fe5b-4c0e-9e1e-bcb43ea54ccb}</UniqueIdentifier>
    </Filter>
    <Filter Include="Header Files\Base">
      <UniqueIdentifier>{73903a23-d3d5-4f2b-bf9a-80024ed5af20}</UniqueIdentifier>
    </Filter>
    <Filter Include="Source Files\Base">
      <UniqueIdentifier>{a024ded8-ec4b-40a2-a6e9-30d2ab47a09a}</UniqueIdentifier>
    </Filter>
    <Filter Include="Source Files\Control">
      <UniqueIdentifier>{0a748234-52aa-4a4a-9a21-fa7684443109}</UniqueIdentifier>
    </Filter>
    <Filter Include="Header Files\Utils">
      <UniqueIdentifier>{4243799e-ecfb-405e-bb4f-80e228c38ee2}</UniqueIdentifier>
    </Filter>
    <Filter Include="Source Files\Utils">
      <UniqueIdentifier>{7f9fd980-b510-4529-ae44-8fffaf9919ea}</UniqueIdentifier>
    </Filter>
  </ItemGroup>
</Project>